<?xml version="1.0" encoding="utf-8"?>
<Project ToolsVersion="4.0" xmlns="http://schemas.microsoft.com/developer/msbuild/2003">
  <ItemGroup>
    <Filter Include="assets">
      <UniqueIdentifier>{24240a51-8fdb-478f-8c1c-27cbca7adc3f}</UniqueIdentifier>
      <SourceControlFiles>False</SourceControlFiles>
    </Filter>
    <Filter Include="shaders">
      <UniqueIdentifier>{1d345cf5-0451-42e0-83a8-6a3f5a7203ca}</UniqueIdentifier>
    </Filter>
    <Filter Include="precompiled_headers">
      <UniqueIdentifier>{a498e4bc-580a-49d7-9a8e-ec57803fdcd4}</UniqueIdentifier>
    </Filter>
    <Filter Include="thirdparty">
      <UniqueIdentifier>{8e4b60ad-1582-4dce-ad49-448133c5c013}</UniqueIdentifier>
    </Filter>
  </ItemGroup>
  <ItemGroup>
    <None Include="auto_vk_toolkit\assets\3rd_party\models\stanford_bunny\stanford_bunny.obj">
      <Filter>assets</Filter>
    </None>
    <None Include="shaders\diffuse_shading_fixed_lightsource.frag">
      <Filter>shaders</Filter>
    </None>
    <None Include="shaders\meshlet.mesh">
      <Filter>shaders</Filter>
    </None>
    <None Include="shaders\meshlet.nv.mesh">
      <Filter>shaders</Filter>
    </None>
    <None Include="shaders\meshlet.nv.task">
      <Filter>shaders</Filter>
    </None>
    <None Include="shaders\meshlet.task">
      <Filter>shaders</Filter>
    </None>
    <None Include="assets\metaball.fbx">
      <Filter>assets</Filter>
    </None>
    <None Include="assets\two_objects_in_one.fbx">
      <Filter>assets</Filter>
    </None>
    <None Include="shaders\transform_and_pass_pulled_pos_nrm_uv.vert">
      <Filter>shaders</Filter>
    </None>
  </ItemGroup>
  <ItemGroup>
    <ClCompile Include="source\compressed_meshlet_skinning.cpp" />
    <ClCompile Include="ImGuiFileDialog\ImGuiFileDialog.cpp">
      <Filter>thirdparty</Filter>
    </ClCompile>
  </ItemGroup>
</Project>