<?xml version="1.0" encoding="utf-8"?>
<Project ToolsVersion="4.0" xmlns="http://schemas.microsoft.com/developer/msbuild/2003">
  <ItemGroup>
    <Filter Include="assets">
      <UniqueIdentifier>{24240a51-8fdb-478f-8c1c-27cbca7adc3f}</UniqueIdentifier>
      <SourceControlFiles>False</SourceControlFiles>
    </Filter>
    <Filter Include="shaders">
      <UniqueIdentifier>{1d345cf5-0451-42e0-83a8-6a3f5a7203ca}</UniqueIdentifier>
    </Filter>
    <Filter Include="precompiled_headers">
      <UniqueIdentifier>{a5a0acc4-5b25-43eb-9da9-e70b5bd5a21e}</UniqueIdentifier>
    </Filter>
    <Filter Include="source">
      <UniqueIdentifier>{a10ba678-5ac4-477e-9a9b-343630b2c90a}</UniqueIdentifier>
    </Filter>
    <Filter Include="source\compression">
      <UniqueIdentifier>{bf2e777e-f0cc-40e9-a322-1d9aee5bc59d}</UniqueIdentifier>
    </Filter>
  </ItemGroup>
  <ItemGroup>
    <ClCompile Include="source\main.cpp">
      <Filter>source</Filter>
    </ClCompile>
    <ClCompile Include="source\compressed_rigged_meshlets.cpp">
      <Filter>source</Filter>
    </ClCompile>
    <ClCompile Include="source\rigged_model.cpp">
      <Filter>source</Filter>
    </ClCompile>
  </ItemGroup>
  <ItemGroup>
    <None Include="shaders\meshlet.mesh">
      <Filter>shaders</Filter>
    </None>
    <None Include="shaders\meshlet.task">
      <Filter>shaders</Filter>
    </None>
    <None Include="assets\crab.fbx">
      <Filter>assets</Filter>
    </None>
    <None Include="shaders\diffuse_shading_fixed_lightsource.frag">
      <Filter>shaders</Filter>
    </None>
    <None Include="assets\JumpyArm.fbx">
      <Filter>assets</Filter>
    </None>
    <None Include="assets\TheCube.fbx">
      <Filter>assets</Filter>
    </None>
    <None Include="assets\Jumping.fbx">
      <Filter>assets</Filter>
    </None>
    <None Include="assets\jumping2.fbx">
      <Filter>assets</Filter>
    </None>
    <None Include="assets\Akai.fbx">
      <Filter>assets</Filter>
    </None>
  </ItemGroup>
  <ItemGroup>
    <ClInclude Include="source\data_structs.h">
      <Filter>source</Filter>
    </ClInclude>
    <ClInclude Include="source\config.h">
      <Filter>source</Filter>
    </ClInclude>
    <ClInclude Include="source\compressed_rigged_meshlets.h">
      <Filter>source</Filter>
    </ClInclude>
    <ClInclude Include="source\compression\tmp.h">
      <Filter>source\compression</Filter>
    </ClInclude>
    <ClInclude Include="source\rigged_model.h">
      <Filter>source</Filter>
    </ClInclude>
  </ItemGroup>
</Project>