<?xml version="1.0" encoding="utf-8"?>
<Project ToolsVersion="4.0" xmlns="http://schemas.microsoft.com/developer/msbuild/2003">
  <ItemGroup>
    <Filter Include="assets">
      <UniqueIdentifier>{24240a51-8fdb-478f-8c1c-27cbca7adc3f}</UniqueIdentifier>
      <SourceControlFiles>False</SourceControlFiles>
    </Filter>
    <Filter Include="shaders">
      <UniqueIdentifier>{1d345cf5-0451-42e0-83a8-6a3f5a7203ca}</UniqueIdentifier>
    </Filter>
    <Filter Include="precompiled_headers">
      <UniqueIdentifier>{a498e4bc-580a-49d7-9a8e-ec57803fdcd4}</UniqueIdentifier>
    </Filter>
    <Filter Include="thirdparty">
      <UniqueIdentifier>{8e4b60ad-1582-4dce-ad49-448133c5c013}</UniqueIdentifier>
    </Filter>
    <Filter Include="source">
      <UniqueIdentifier>{b43989ff-aab1-474b-882d-c08b44ff45fe}</UniqueIdentifier>
    </Filter>
    <Filter Include="source\pipelines">
      <UniqueIdentifier>{212c5f6e-a5e3-453f-81c3-ab14a5655a2c}</UniqueIdentifier>
    </Filter>
    <Filter Include="source\meshletbuilder">
      <UniqueIdentifier>{c38d8077-a4ea-4510-920f-fb8885648596}</UniqueIdentifier>
    </Filter>
  </ItemGroup>
  <ItemGroup>
    <None Include="auto_vk_toolkit\assets\3rd_party\models\stanford_bunny\stanford_bunny.obj">
      <Filter>assets</Filter>
    </None>
    <None Include="shaders\diffuse_shading_fixed_lightsource.frag">
      <Filter>shaders</Filter>
    </None>
    <None Include="shaders\meshlet.mesh">
      <Filter>shaders</Filter>
    </None>
    <None Include="shaders\meshlet.nv.mesh">
      <Filter>shaders</Filter>
    </None>
    <None Include="shaders\meshlet.nv.task">
      <Filter>shaders</Filter>
    </None>
    <None Include="shaders\meshlet.task">
      <Filter>shaders</Filter>
    </None>
    <None Include="assets\metaball.fbx">
      <Filter>assets</Filter>
    </None>
    <None Include="assets\two_objects_in_one.fbx">
      <Filter>assets</Filter>
    </None>
    <None Include="shaders\transform_and_pass_pulled_pos_nrm_uv.vert">
      <Filter>shaders</Filter>
    </None>
    <None Include="shaders\transform_and_pass_pos_nrm_uv.vert">
      <Filter>shaders</Filter>
    </None>
    <None Include="shaders\meshlet_indexed.nv.mesh">
      <Filter>shaders</Filter>
    </None>
    <None Include="shaders\meshlet_indexed.nv.task">
      <Filter>shaders</Filter>
    </None>
  </ItemGroup>
  <ItemGroup>
    <ClCompile Include="ImGuiFileDialog\ImGuiFileDialog.cpp">
      <Filter>thirdparty</Filter>
    </ClCompile>
    <ClCompile Include="source\MeshletsApp.cpp">
      <Filter>source</Filter>
    </ClCompile>
    <ClCompile Include="source\main.cpp">
      <Filter>source</Filter>
    </ClCompile>
    <ClCompile Include="source\pipelines\MeshExtPipeline.cpp">
      <Filter>source\pipelines</Filter>
    </ClCompile>
    <ClCompile Include="source\pipelines\MeshNvPipeline.cpp">
      <Filter>source\pipelines</Filter>
    </ClCompile>
    <ClCompile Include="source\pipelines\PipelineInterface.cpp">
      <Filter>source\pipelines</Filter>
    </ClCompile>
    <ClCompile Include="source\pipelines\VertexIndirectPipeline.cpp">
      <Filter>source\pipelines</Filter>
    </ClCompile>
    <ClCompile Include="source\pipelines\VertexPulledIndirectPipeline.cpp">
      <Filter>source\pipelines</Filter>
    </ClCompile>
    <ClCompile Include="source\meshletbuilder\MeshoptimizerBuilder.cpp">
      <Filter>source\meshletbuilder</Filter>
    </ClCompile>
    <ClCompile Include="source\pipelines\MeshIndexedNvPipeline.cpp">
      <Filter>source\pipelines</Filter>
    </ClCompile>
  </ItemGroup>
  <ItemGroup>
    <ClInclude Include="source\MeshletsApp.h">
      <Filter>source</Filter>
    </ClInclude>
    <ClInclude Include="source\shared_data.h">
      <Filter>source</Filter>
    </ClInclude>
    <ClInclude Include="source\pipelines\MeshExtPipeline.h">
      <Filter>source\pipelines</Filter>
    </ClInclude>
    <ClInclude Include="source\pipelines\MeshNvPipeline.h">
      <Filter>source\pipelines</Filter>
    </ClInclude>
    <ClInclude Include="source\pipelines\PipelineInterface.h">
      <Filter>source\pipelines</Filter>
    </ClInclude>
    <ClInclude Include="source\pipelines\VertexIndirectPipeline.h">
      <Filter>source\pipelines</Filter>
    </ClInclude>
    <ClInclude Include="source\pipelines\VertexPulledIndirectPipeline.h">
      <Filter>source\pipelines</Filter>
    </ClInclude>
    <ClInclude Include="source\meshletbuilder\MeshletbuilderInterface.h">
      <Filter>source\meshletbuilder</Filter>
    </ClInclude>
    <ClInclude Include="source\shared_structs.h">
      <Filter>source</Filter>
    </ClInclude>
    <ClInclude Include="source\meshletbuilder\MeshoptimizerBuilder.h">
      <Filter>source\meshletbuilder</Filter>
    </ClInclude>
    <ClInclude Include="source\pipelines\MeshIndexedNvPipeline.h">
      <Filter>source\pipelines</Filter>
    </ClInclude>
  </ItemGroup>
</Project>